// !$*UTF8*$!
{
	archiveVersion = 1;
	classes = {
	};
	objectVersion = 50;
	objects = {

/* Begin PBXBuildFile section */
		2BA5CE65222C1688002B38C2 /* AppDelegate.swift in Sources */ = {isa = PBXBuildFile; fileRef = 2BA5CE64222C1688002B38C2 /* AppDelegate.swift */; };
		2BA5CE67222C1688002B38C2 /* ViewController.swift in Sources */ = {isa = PBXBuildFile; fileRef = 2BA5CE66222C1688002B38C2 /* ViewController.swift */; };
		2BA5CE6A222C1688002B38C2 /* Main.storyboard in Resources */ = {isa = PBXBuildFile; fileRef = 2BA5CE68222C1688002B38C2 /* Main.storyboard */; };
		2BA5CE6C222C168D002B38C2 /* Assets.xcassets in Resources */ = {isa = PBXBuildFile; fileRef = 2BA5CE6B222C168D002B38C2 /* Assets.xcassets */; };
		2BA5CE6F222C168D002B38C2 /* LaunchScreen.storyboard in Resources */ = {isa = PBXBuildFile; fileRef = 2BA5CE6D222C168D002B38C2 /* LaunchScreen.storyboard */; };
		2BA5CE77222C6A2D002B38C2 /* Agar Tum Saath Ho.mp3 in Resources */ = {isa = PBXBuildFile; fileRef = 2BA5CE76222C6A2D002B38C2 /* Agar Tum Saath Ho.mp3 */; };
/* End PBXBuildFile section */

/* Begin PBXFileReference section */
		2BA5CE61222C1688002B38C2 /* audioPlayer.app */ = {isa = PBXFileReference; explicitFileType = wrapper.application; includeInIndex = 0; path = audioPlayer.app; sourceTree = BUILT_PRODUCTS_DIR; };
		2BA5CE64222C1688002B38C2 /* AppDelegate.swift */ = {isa = PBXFileReference; lastKnownFileType = sourcecode.swift; path = AppDelegate.swift; sourceTree = "<group>"; };
		2BA5CE66222C1688002B38C2 /* ViewController.swift */ = {isa = PBXFileReference; lastKnownFileType = sourcecode.swift; path = ViewController.swift; sourceTree = "<group>"; };
		2BA5CE69222C1688002B38C2 /* Base */ = {isa = PBXFileReference; lastKnownFileType = file.storyboard; name = Base; path = Base.lproj/Main.storyboard; sourceTree = "<group>"; };
		2BA5CE6B222C168D002B38C2 /* Assets.xcassets */ = {isa = PBXFileReference; lastKnownFileType = folder.assetcatalog; path = Assets.xcassets; sourceTree = "<group>"; };
		2BA5CE6E222C168D002B38C2 /* Base */ = {isa = PBXFileReference; lastKnownFileType = file.storyboard; name = Base; path = Base.lproj/LaunchScreen.storyboard; sourceTree = "<group>"; };
		2BA5CE70222C168D002B38C2 /* Info.plist */ = {isa = PBXFileReference; lastKnownFileType = text.plist.xml; path = Info.plist; sourceTree = "<group>"; };
		2BA5CE76222C6A2D002B38C2 /* Agar Tum Saath Ho.mp3 */ = {isa = PBXFileReference; lastKnownFileType = audio.mp3; path = "Agar Tum Saath Ho.mp3"; sourceTree = "<group>"; };
/* End PBXFileReference section */

/* Begin PBXFrameworksBuildPhase section */
		2BA5CE5E222C1688002B38C2 /* Frameworks */ = {
			isa = PBXFrameworksBuildPhase;
			buildActionMask = 2147483647;
			files = (
			);
			runOnlyForDeploymentPostprocessing = 0;
		};
/* End PBXFrameworksBuildPhase section */

/* Begin PBXGroup section */
		2BA5CE58222C1688002B38C2 = {
			isa = PBXGroup;
			children = (
				2BA5CE63222C1688002B38C2 /* audioPlayer */,
			);
			sourceTree = "<group>";
		};
		2BA5CE62222C1688002B38C2 /* Products */ = {
			isa = PBXGroup;
			children = (
				2BA5CE61222C1688002B38C2 /* audioPlayer.app */,
			);
			name = Products;
			path = ..;
			sourceTree = "<group>";
		};
		2BA5CE63222C1688002B38C2 /* audioPlayer */ = {
			isa = PBXGroup;
			children = (
				2BA5CE64222C1688002B38C2 /* AppDelegate.swift */,
				2BA5CE66222C1688002B38C2 /* ViewController.swift */,
				2BA5CE68222C1688002B38C2 /* Main.storyboard */,
				2BA5CE6B222C168D002B38C2 /* Assets.xcassets */,
				2BA5CE6D222C168D002B38C2 /* LaunchScreen.storyboard */,
				2BA5CE76222C6A2D002B38C2 /* Agar Tum Saath Ho.mp3 */,
				2BA5CE70222C168D002B38C2 /* Info.plist */,
				2BA5CE62222C1688002B38C2 /* Products */,
			);
			path = audioPlayer;
			sourceTree = "<group>";
		};
/* End PBXGroup section */

/* Begin PBXNativeTarget section */
		2BA5CE60222C1688002B38C2 /* audioPlayer */ = {
			isa = PBXNativeTarget;
			buildConfigurationList = 2BA5CE73222C168D002B38C2 /* Build configuration list for PBXNativeTarget "audioPlayer" */;
			buildPhases = (
				2BA5CE5D222C1688002B38C2 /* Sources */,
				2BA5CE5E222C1688002B38C2 /* Frameworks */,
				2BA5CE5F222C1688002B38C2 /* Resources */,
			);
			buildRules = (
			);
			dependencies = (
			);
			name = audioPlayer;
			productName = audioPlayer;
			productReference = 2BA5CE61222C1688002B38C2 /* audioPlayer.app */;
			productType = "com.apple.product-type.application";
		};
/* End PBXNativeTarget section */

/* Begin PBXProject section */
		2BA5CE59222C1688002B38C2 /* Project object */ = {
			isa = PBXProject;
			attributes = {
				LastSwiftUpdateCheck = 1000;
				LastUpgradeCheck = 1000;
				ORGANIZATIONNAME = myOrg;
				TargetAttributes = {
					2BA5CE60222C1688002B38C2 = {
						CreatedOnToolsVersion = 10.0;
					};
				};
			};
			buildConfigurationList = 2BA5CE5C222C1688002B38C2 /* Build configuration list for PBXProject "audioPlayer" */;
			compatibilityVersion = "Xcode 9.3";
			developmentRegion = en;
			hasScannedForEncodings = 0;
			knownRegions = (
				en,
				Base,
			);
			mainGroup = 2BA5CE58222C1688002B38C2;
			productRefGroup = 2BA5CE62222C1688002B38C2 /* Products */;
			projectDirPath = "";
			projectRoot = "";
			targets = (
				2BA5CE60222C1688002B38C2 /* audioPlayer */,
			);
		};
/* End PBXProject section */

/* Begin PBXResourcesBuildPhase section */
		2BA5CE5F222C1688002B38C2 /* Resources */ = {
			isa = PBXResourcesBuildPhase;
			buildActionMask = 2147483647;
			files = (
				2BA5CE77222C6A2D002B38C2 /* Agar Tum Saath Ho.mp3 in Resources */,
				2BA5CE6F222C168D002B38C2 /* LaunchScreen.storyboard in Resources */,
				2BA5CE6C222C168D002B38C2 /* Assets.xcassets in Resources */,
				2BA5CE6A222C1688002B38C2 /* Main.storyboard in Resources */,
			);
			runOnlyForDeploymentPostprocessing = 0;
		};
/* End PBXResourcesBuildPhase section */

/* Begin PBXSourcesBuildPhase section */
		2BA5CE5D222C1688002B38C2 /* Sources */ = {
			isa = PBXSourcesBuildPhase;
			buildActionMask = 2147483647;
			files = (
				2BA5CE67222C1688002B38C2 /* ViewController.swift in Sources */,
				2BA5CE65222C1688002B38C2 /* AppDelegate.swift in Sources */,
			);
			runOnlyForDeploymentPostprocessing = 0;
		};
/* End PBXSourcesBuildPhase section */

/* Begin PBXVariantGroup section */
		2BA5CE68222C1688002B38C2 /* Main.storyboard */ = {
			isa = PBXVariantGroup;
			children = (
				2BA5CE69222C1688002B38C2 /* Base */,
			);
			name = Main.storyboard;
			sourceTree = "<group>";
		};
		2BA5CE6D222C168D002B38C2 /* LaunchScreen.storyboard */ = {
			isa = PBXVariantGroup;
			children = (
				2BA5CE6E222C168D002B38C2 /* Base */,
			);
			name = LaunchScreen.storyboard;
			sourceTree = "<group>";
		};
/* End PBXVariantGroup section */

/* Begin XCBuildConfiguration section */
		2BA5CE71222C168D002B38C2 /* Debug */ = {
			isa = XCBuildConfiguration;
			buildSettings = {
				ALWAYS_SEARCH_USER_PATHS = NO;
				CLANG_ANALYZER_NONNULL = YES;
				CLANG_ANALYZER_NUMBER_OBJECT_CONVERSION = YES_AGGRESSIVE;
				CLANG_CXX_LANGUAGE_STANDARD = "gnu++14";
				CLANG_CXX_LIBRARY = "libc++";
				CLANG_ENABLE_MODULES = YES;
				CLANG_ENABLE_OBJC_ARC = YES;
				CLANG_ENABLE_OBJC_WEAK = YES;
				CLANG_WARN_BLOCK_CAPTURE_AUTORELEASING = YES;
				CLANG_WARN_BOOL_CONVERSION = YES;
				CLANG_WARN_COMMA = YES;
				CLANG_WARN_CONSTANT_CONVERSION = YES;
				CLANG_WARN_DEPRECATED_OBJC_IMPLEMENTATIONS = YES;
				CLANG_WARN_DIRECT_OBJC_ISA_USAGE = YES_ERROR;
				CLANG_WARN_DOCUMENTATION_COMMENTS = YES;
				CLANG_WARN_EMPTY_BODY = YES;
				CLANG_WARN_ENUM_CONVERSION = YES;
				CLANG_WARN_INFINITE_RECURSION = YES;
				CLANG_WARN_INT_CONVERSION = YES;
				CLANG_WARN_NON_LITERAL_NULL_CONVERSION = YES;
				CLANG_WARN_OBJC_IMPLICIT_RETAIN_SELF = YES;
				CLANG_WARN_OBJC_LITERAL_CONVERSION = YES;
				CLANG_WARN_OBJC_ROOT_CLASS = YES_ERROR;
				CLANG_WARN_RANGE_LOOP_ANALYSIS = YES;
				CLANG_WARN_STRICT_PROTOTYPES = YES;
				CLANG_WARN_SUSPICIOUS_MOVE = YES;
				CLANG_WARN_UNGUARDED_AVAILABILITY = YES_AGGRESSIVE;
				CLANG_WARN_UNREACHABLE_CODE = YES;
				CLANG_WARN__DUPLICATE_METHOD_MATCH = YES;
				CODE_SIGN_IDENTITY = "iPhone Developer";
				COPY_PHASE_STRIP = NO;
				DEBUG_INFORMATION_FORMAT = dwarf;
				ENABLE_STRICT_OBJC_MSGSEND = YES;
				ENABLE_TESTABILITY = YES;
				GCC_C_LANGUAGE_STANDARD = gnu11;
				GCC_DYNAMIC_NO_PIC = NO;
				GCC_NO_COMMON_BLOCKS = YES;
				GCC_OPTIMIZATION_LEVEL = 0;
				GCC_PREPROCESSOR_DEFINITIONS = (
					"DEBUG=1",
					"$(inherited)",
				);
				GCC_WARN_64_TO_32_BIT_CONVERSION = YES;
				GCC_WARN_ABOUT_RETURN_TYPE = YES_ERROR;
				GCC_WARN_UNDECLARED_SELECTOR = YES;
				GCC_WARN_UNINITIALIZED_AUTOS = YES_AGGRESSIVE;
				GCC_WARN_UNUSED_FUNCTION = YES;
				GCC_WARN_UNUSED_VARIABLE = YES;
				IPHONEOS_DEPLOYMENT_TARGET = 12.0;
				MTL_ENABLE_DEBUG_INFO = INCLUDE_SOURCE;
				MTL_FAST_MATH = YES;
				ONLY_ACTIVE_ARCH = YES;
				SDKROOT = iphoneos;
				SWIFT_ACTIVE_COMPILATION_CONDITIONS = DEBUG;
				SWIFT_OPTIMIZATION_LEVEL = "-Onone";
			};
			name = Debug;
		};
		2BA5CE72222C168D002B38C2 /* Release */ = {
			isa = XCBuildConfiguration;
			buildSettings = {
				ALWAYS_SEARCH_USER_PATHS = NO;
				CLANG_ANALYZER_NONNULL = YES;
				CLANG_ANALYZER_NUMBER_OBJECT_CONVERSION = YES_AGGRESSIVE;
				CLANG_CXX_LANGUAGE_STANDARD = "gnu++14";
				CLANG_CXX_LIBRARY = "libc++";
				CLANG_ENABLE_MODULES = YES;
				CLANG_ENABLE_OBJC_ARC = YES;
				CLANG_ENABLE_OBJC_WEAK = YES;
				CLANG_WARN_BLOCK_CAPTURE_AUTORELEASING = YES;
				CLANG_WARN_BOOL_CONVERSION = YES;
				CLANG_WARN_COMMA = YES;
				CLANG_WARN_CONSTANT_CONVERSION = YES;
				CLANG_WARN_DEPRECATED_OBJC_IMPLEMENTATIONS = YES;
				CLANG_WARN_DIRECT_OBJC_ISA_USAGE = YES_ERROR;
				CLANG_WARN_DOCUMENTATION_COMMENTS = YES;
				CLANG_WARN_EMPTY_BODY = YES;
				CLANG_WARN_ENUM_CONVERSION = YES;
				CLANG_WARN_INFINITE_RECURSION = YES;
				CLANG_WARN_INT_CONVERSION = YES;
				CLANG_WARN_NON_LITERAL_NULL_CONVERSION = YES;
				CLANG_WARN_OBJC_IMPLICIT_RETAIN_SELF = YES;
				CLANG_WARN_OBJC_LITERAL_CONVERSION = YES;
				CLANG_WARN_OBJC_ROOT_CLASS = YES_ERROR;
				CLANG_WARN_RANGE_LOOP_ANALYSIS = YES;
				CLANG_WARN_STRICT_PROTOTYPES = YES;
				CLANG_WARN_SUSPICIOUS_MOVE = YES;
				CLANG_WARN_UNGUARDED_AVAILABILITY = YES_AGGRESSIVE;
				CLANG_WARN_UNREACHABLE_CODE = YES;
				CLANG_WARN__DUPLICATE_METHOD_MATCH = YES;
				CODE_SIGN_IDENTITY = "iPhone Developer";
				COPY_PHASE_STRIP = NO;
				DEBUG_INFORMATION_FORMAT = "dwarf-with-dsym";
				ENABLE_NS_ASSERTIONS = NO;
				ENABLE_STRICT_OBJC_MSGSEND = YES;
				GCC_C_LANGUAGE_STANDARD = gnu11;
				GCC_NO_COMMON_BLOCKS = YES;
				GCC_WARN_64_TO_32_BIT_CONVERSION = YES;
				GCC_WARN_ABOUT_RETURN_TYPE = YES_ERROR;
				GCC_WARN_UNDECLARED_SELECTOR = YES;
				GCC_WARN_UNINITIALIZED_AUTOS = YES_AGGRESSIVE;
				GCC_WARN_UNUSED_FUNCTION = YES;
				GCC_WARN_UNUSED_VARIABLE = YES;
				IPHONEOS_DEPLOYMENT_TARGET = 12.0;
				MTL_ENABLE_DEBUG_INFO = NO;
				MTL_FAST_MATH = YES;
				SDKROOT = iphoneos;
				SWIFT_COMPILATION_MODE = wholemodule;
				SWIFT_OPTIMIZATION_LEVEL = "-O";
				VALIDATE_PRODUCT = YES;
			};
			name = Release;
		};
		2BA5CE74222C168D002B38C2 /* Debug */ = {
			isa = XCBuildConfiguration;
			buildSettings = {
				ASSETCATALOG_COMPILER_APPICON_NAME = AppIcon;
				CODE_SIGN_STYLE = Automatic;
				INFOPLIST_FILE = audioPlayer/Info.plist;
				LD_RUNPATH_SEARCH_PATHS = (
					"$(inherited)",
					"@executable_path/Frameworks",
				);
				PRODUCT_BUNDLE_IDENTIFIER = com.myorg.audioPlayer;
				PRODUCT_NAME = "$(TARGET_NAME)";
				SWIFT_VERSION = 4.2;
				TARGETED_DEVICE_FAMILY = "1,2";
			};
			name = Debug;
		};
		2BA5CE75222C168D002B38C2 /* Release */ = {
			isa = XCBuildConfiguration;
			buildSettings = {
				ASSETCATALOG_COMPILER_APPICON_NAME = AppIcon;
				CODE_SIGN_STYLE = Automatic;
				INFOPLIST_FILE = audioPlayer/Info.plist;
				LD_RUNPATH_SEARCH_PATHS = (
					"$(inherited)",
					"@executable_path/Frameworks",
				);
				PRODUCT_BUNDLE_IDENTIFIER = com.myorg.audioPlayer;
				PRODUCT_NAME = "$(TARGET_NAME)";
				SWIFT_VERSION = 4.2;
				TARGETED_DEVICE_FAMILY = "1,2";
			};
			name = Release;
		};
/* End XCBuildConfiguration section */

/* Begin XCConfigurationList section */
		2BA5CE5C222C1688002B38C2 /* Build configuration list for PBXProject "audioPlayer" */ = {
			isa = XCConfigurationList;
			buildConfigurations = (
				2BA5CE71222C168D002B38C2 /* Debug */,
				2BA5CE72222C168D002B38C2 /* Release */,
			);
			defaultConfigurationIsVisible = 0;
			defaultConfigurationName = Release;
		};
		2BA5CE73222C168D002B38C2 /* Build configuration list for PBXNativeTarget "audioPlayer" */ = {
			isa = XCConfigurationList;
			buildConfigurations = (
				2BA5CE74222C168D002B38C2 /* Debug */,
				2BA5CE75222C168D002B38C2 /* Release */,
			);
			defaultConfigurationIsVisible = 0;
			defaultConfigurationName = Release;
		};
/* End XCConfigurationList section */
	};
	rootObject = 2BA5CE59222C1688002B38C2 /* Project object */;
}
